
Microsoft Visual Studio Solution File, Format Version 12.00
# Visual Studio Version 17
VisualStudioVersion = 17.9.34714.143
MinimumVisualStudioVersion = 10.0.40219.1
Project("{9A19103F-16F7-4668-BE54-9A1E7A4F7556}") = "DatabaseIndexing", "DatabaseIndexing.csproj", "{EC0FAF0C-F332-41F5-A209-30E06D40CF4D}"
EndProject
Project("{FAE04EC0-301F-11D3-BF4B-00C04F79EFBC}") = "DatabaseIndexing.Test", "..\DatabaseIndexing.Test\DatabaseIndexing.Test.csproj", "{58747534-CBA4-429F-926A-AB441EFD8269}"
EndProject
Global
	GlobalSection(SolutionConfigurationPlatforms) = preSolution
		Debug|Any CPU = Debug|Any CPU
		Release|Any CPU = Release|Any CPU
	EndGlobalSection
	GlobalSection(ProjectConfigurationPlatforms) = postSolution
		{EC0FAF0C-F332-41F5-A209-30E06D40CF4D}.Debug|Any CPU.ActiveCfg = Debug|Any CPU
		{EC0FAF0C-F332-41F5-A209-30E06D40CF4D}.Debug|Any CPU.Build.0 = Debug|Any CPU
		{EC0FAF0C-F332-41F5-A209-30E06D40CF4D}.Release|Any CPU.ActiveCfg = Release|Any CPU
		{EC0FAF0C-F332-41F5-A209-30E06D40CF4D}.Release|Any CPU.Build.0 = Release|Any CPU
		{58747534-CBA4-429F-926A-AB441EFD8269}.Debug|Any CPU.ActiveCfg = Debug|Any CPU
		{58747534-CBA4-429F-926A-AB441EFD8269}.Debug|Any CPU.Build.0 = Debug|Any CPU
		{58747534-CBA4-429F-926A-AB441EFD8269}.Release|Any CPU.ActiveCfg = Release|Any CPU
		{58747534-CBA4-429F-926A-AB441EFD8269}.Release|Any CPU.Build.0 = Release|Any CPU
	EndGlobalSection
	GlobalSection(SolutionProperties) = preSolution
		HideSolutionNode = FALSE
	EndGlobalSection
	GlobalSection(ExtensibilityGlobals) = postSolution
		SolutionGuid = {8427D62A-9D91-4F20-A18B-2AD46814E3CD}
	EndGlobalSection
EndGlobal
